
Microsoft Visual Studio Solution File, Format Version 12.00
# Visual Studio Express 2013 for Windows Desktop
VisualStudioVersion = 12.0.31101.0
MinimumVisualStudioVersion = 10.0.40219.1
Project("{F184B08F-C81C-45F6-A57F-5ABD9991F28F}") = "ADODB.Recordset", "ADODB.Recordset\ADODB.Recordset.vbproj", "{DF74097A-4FCE-4391-92D7-4276B6FD7519}"
EndProject
Global
	GlobalSection(SolutionConfigurationPlatforms) = preSolution
		Debug|Any CPU = Debug|Any CPU
		Release|Any CPU = Release|Any CPU
	EndGlobalSection
	GlobalSection(ProjectConfigurationPlatforms) = postSolution
		{DF74097A-4FCE-4391-92D7-4276B6FD7519}.Debug|Any CPU.ActiveCfg = Debug|Any CPU
		{DF74097A-4FCE-4391-92D7-4276B6FD7519}.Debug|Any CPU.Build.0 = Debug|Any CPU
		{DF74097A-4FCE-4391-92D7-4276B6FD7519}.Release|Any CPU.ActiveCfg = Release|Any CPU
		{DF74097A-4FCE-4391-92D7-4276B6FD7519}.Release|Any CPU.Build.0 = Release|Any CPU
	EndGlobalSection
	GlobalSection(SolutionProperties) = preSolution
		HideSolutionNode = FALSE
	EndGlobalSection
EndGlobal
